
Microsoft Visual Studio Solution File, Format Version 11.00
# Visual Studio 2010
Project("{159641D6-6404-4A2A-AE62-294DE0FE8301}") = "CldDtaMgt", "CldDtaMgt\CldDtaMgt.dtproj", "{0B7645AB-F082-40B1-8AE8-E5026B17BDB0}"
EndProject
Global
	GlobalSection(SolutionConfigurationPlatforms) = preSolution
		Development|Default = Development|Default
	EndGlobalSection
	GlobalSection(ProjectConfigurationPlatforms) = postSolution
		{0B7645AB-F082-40B1-8AE8-E5026B17BDB0}.Development|Default.ActiveCfg = Development
		{0B7645AB-F082-40B1-8AE8-E5026B17BDB0}.Development|Default.Build.0 = Development
	EndGlobalSection
	GlobalSection(SolutionProperties) = preSolution
		HideSolutionNode = FALSE
	EndGlobalSection
EndGlobal
